
Microsoft Visual Studio Solution File, Format Version 12.00
# Visual Studio Version 16
VisualStudioVersion = 16.0.809.9
MinimumVisualStudioVersion = 10.0.40219.1
Project("{FAE04EC0-301F-11D3-BF4B-00C04F79EFBC}") = "EstruturaDoPrograma", "EstruturaDoPrograma.csproj", "{23D3EF8B-454C-4DCB-ABCF-377BE478BFAF}"
EndProject
Global
	GlobalSection(SolutionConfigurationPlatforms) = preSolution
		Debug|Any CPU = Debug|Any CPU
		Release|Any CPU = Release|Any CPU
	EndGlobalSection
	GlobalSection(ProjectConfigurationPlatforms) = postSolution
		{23D3EF8B-454C-4DCB-ABCF-377BE478BFAF}.Debug|Any CPU.ActiveCfg = Debug|Any CPU
		{23D3EF8B-454C-4DCB-ABCF-377BE478BFAF}.Debug|Any CPU.Build.0 = Debug|Any CPU
		{23D3EF8B-454C-4DCB-ABCF-377BE478BFAF}.Release|Any CPU.ActiveCfg = Release|Any CPU
		{23D3EF8B-454C-4DCB-ABCF-377BE478BFAF}.Release|Any CPU.Build.0 = Release|Any CPU
	EndGlobalSection
	GlobalSection(SolutionProperties) = preSolution
		HideSolutionNode = FALSE
	EndGlobalSection
	GlobalSection(ExtensibilityGlobals) = postSolution
		SolutionGuid = {C16DD9B6-BD09-4C19-ACB9-3AC1649B9EF9}
	EndGlobalSection
EndGlobal
